
Microsoft Visual Studio Solution File, Format Version 12.00
# Visual Studio Version 17
VisualStudioVersion = 17.4.33020.496
MinimumVisualStudioVersion = 10.0.40219.1
Project("{9A19103F-16F7-4668-BE54-9A1E7A4F7556}") = "Net7App", "BlazorApp2\Net7App.csproj", "{F233B3D9-82DE-4B1D-8A1F-DCDC3090113C}"
EndProject
Project("{FAE04EC0-301F-11D3-BF4B-00C04F79EFBC}") = "Net5App", "Net5App\Net5App.csproj", "{929D7EC8-5F25-4201-AA98-6D8B149A1D3C}"
EndProject
Global
	GlobalSection(SolutionConfigurationPlatforms) = preSolution
		Debug|Any CPU = Debug|Any CPU
		Release|Any CPU = Release|Any CPU
	EndGlobalSection
	GlobalSection(ProjectConfigurationPlatforms) = postSolution
		{F233B3D9-82DE-4B1D-8A1F-DCDC3090113C}.Debug|Any CPU.ActiveCfg = Debug|Any CPU
		{F233B3D9-82DE-4B1D-8A1F-DCDC3090113C}.Debug|Any CPU.Build.0 = Debug|Any CPU
		{F233B3D9-82DE-4B1D-8A1F-DCDC3090113C}.Release|Any CPU.ActiveCfg = Release|Any CPU
		{F233B3D9-82DE-4B1D-8A1F-DCDC3090113C}.Release|Any CPU.Build.0 = Release|Any CPU
		{929D7EC8-5F25-4201-AA98-6D8B149A1D3C}.Debug|Any CPU.ActiveCfg = Debug|Any CPU
		{929D7EC8-5F25-4201-AA98-6D8B149A1D3C}.Debug|Any CPU.Build.0 = Debug|Any CPU
		{929D7EC8-5F25-4201-AA98-6D8B149A1D3C}.Release|Any CPU.ActiveCfg = Release|Any CPU
		{929D7EC8-5F25-4201-AA98-6D8B149A1D3C}.Release|Any CPU.Build.0 = Release|Any CPU
	EndGlobalSection
	GlobalSection(SolutionProperties) = preSolution
		HideSolutionNode = FALSE
	EndGlobalSection
	GlobalSection(ExtensibilityGlobals) = postSolution
		SolutionGuid = {01CB4E8A-32A5-4FFF-BD39-67CE237926C6}
	EndGlobalSection
EndGlobal
